
Microsoft Visual Studio Solution File, Format Version 12.00
# Visual Studio 15
VisualStudioVersion = 15.0.26430.14
MinimumVisualStudioVersion = 10.0.40219.1
Project("{2150E333-8FDC-42A3-9474-1A3956D46DE8}") = "src", "src", "{D5E947EB-03CB-4D04-8937-FF2131BB1F04}"
EndProject
Project("{2150E333-8FDC-42A3-9474-1A3956D46DE8}") = "Core", "Core", "{3F748477-9CDD-485C-A885-1FEC14A24331}"
EndProject
Project("{FAE04EC0-301F-11D3-BF4B-00C04F79EFBC}") = "Microsoft.Restier.Core", "src\Microsoft.Restier.Core\Microsoft.Restier.Core.csproj", "{F1BEAB8D-82D4-4BBB-A5C6-BA0E6872E508}"
EndProject
Project("{2150E333-8FDC-42A3-9474-1A3956D46DE8}") = "Modules", "Modules", "{8C1F84BA-3888-4FC5-A286-506A11C54463}"
EndProject
Project("{2150E333-8FDC-42A3-9474-1A3956D46DE8}") = "Providers", "Providers", "{0355FEC8-17CF-44B4-9D24-685266A349FB}"
EndProject
Project("{2150E333-8FDC-42A3-9474-1A3956D46DE8}") = "Publishers", "Publishers", "{432208D4-54DF-453E-96AE-CB7721461030}"
EndProject
Project("{FAE04EC0-301F-11D3-BF4B-00C04F79EFBC}") = "Microsoft.Restier.Providers.EntityFramework", "src\Microsoft.Restier.Providers.EntityFramework\Microsoft.Restier.Providers.EntityFramework.csproj", "{F7EC910E-17CE-4579-84C5-36D3777B3218}"
EndProject
Project("{FAE04EC0-301F-11D3-BF4B-00C04F79EFBC}") = "Microsoft.Restier.Providers.EntityFramework7", "src\Microsoft.Restier.Providers.EntityFramework7\Microsoft.Restier.Providers.EntityFramework7.csproj", "{D54A765E-4604-4C73-868B-0E0459B3A6B6}"
EndProject
Project("{FAE04EC0-301F-11D3-BF4B-00C04F79EFBC}") = "Microsoft.Restier.Publishers.OData", "src\Microsoft.Restier.Publishers.OData\Microsoft.Restier.Publishers.OData.csproj", "{186F667E-54E5-4B57-9998-21D74CB77C24}"
EndProject
Global
	GlobalSection(SolutionConfigurationPlatforms) = preSolution
		Debug|Any CPU = Debug|Any CPU
		Release|Any CPU = Release|Any CPU
	EndGlobalSection
	GlobalSection(ProjectConfigurationPlatforms) = postSolution
		{F1BEAB8D-82D4-4BBB-A5C6-BA0E6872E508}.Debug|Any CPU.ActiveCfg = Debug|Any CPU
		{F1BEAB8D-82D4-4BBB-A5C6-BA0E6872E508}.Debug|Any CPU.Build.0 = Debug|Any CPU
		{F1BEAB8D-82D4-4BBB-A5C6-BA0E6872E508}.Release|Any CPU.ActiveCfg = Release|Any CPU
		{F1BEAB8D-82D4-4BBB-A5C6-BA0E6872E508}.Release|Any CPU.Build.0 = Release|Any CPU
		{F7EC910E-17CE-4579-84C5-36D3777B3218}.Debug|Any CPU.ActiveCfg = Debug|Any CPU
		{F7EC910E-17CE-4579-84C5-36D3777B3218}.Debug|Any CPU.Build.0 = Debug|Any CPU
		{F7EC910E-17CE-4579-84C5-36D3777B3218}.Release|Any CPU.ActiveCfg = Release|Any CPU
		{F7EC910E-17CE-4579-84C5-36D3777B3218}.Release|Any CPU.Build.0 = Release|Any CPU
		{D54A765E-4604-4C73-868B-0E0459B3A6B6}.Debug|Any CPU.ActiveCfg = Debug|Any CPU
		{D54A765E-4604-4C73-868B-0E0459B3A6B6}.Debug|Any CPU.Build.0 = Debug|Any CPU
		{D54A765E-4604-4C73-868B-0E0459B3A6B6}.Release|Any CPU.ActiveCfg = Release|Any CPU
		{D54A765E-4604-4C73-868B-0E0459B3A6B6}.Release|Any CPU.Build.0 = Release|Any CPU
		{186F667E-54E5-4B57-9998-21D74CB77C24}.Debug|Any CPU.ActiveCfg = Debug|Any CPU
		{186F667E-54E5-4B57-9998-21D74CB77C24}.Debug|Any CPU.Build.0 = Debug|Any CPU
		{186F667E-54E5-4B57-9998-21D74CB77C24}.Release|Any CPU.ActiveCfg = Release|Any CPU
		{186F667E-54E5-4B57-9998-21D74CB77C24}.Release|Any CPU.Build.0 = Release|Any CPU
	EndGlobalSection
	GlobalSection(SolutionProperties) = preSolution
		HideSolutionNode = FALSE
	EndGlobalSection
	GlobalSection(NestedProjects) = preSolution
		{3F748477-9CDD-485C-A885-1FEC14A24331} = {D5E947EB-03CB-4D04-8937-FF2131BB1F04}
		{F1BEAB8D-82D4-4BBB-A5C6-BA0E6872E508} = {3F748477-9CDD-485C-A885-1FEC14A24331}
		{8C1F84BA-3888-4FC5-A286-506A11C54463} = {D5E947EB-03CB-4D04-8937-FF2131BB1F04}
		{0355FEC8-17CF-44B4-9D24-685266A349FB} = {D5E947EB-03CB-4D04-8937-FF2131BB1F04}
		{432208D4-54DF-453E-96AE-CB7721461030} = {D5E947EB-03CB-4D04-8937-FF2131BB1F04}
		{F7EC910E-17CE-4579-84C5-36D3777B3218} = {0355FEC8-17CF-44B4-9D24-685266A349FB}
		{D54A765E-4604-4C73-868B-0E0459B3A6B6} = {0355FEC8-17CF-44B4-9D24-685266A349FB}
		{186F667E-54E5-4B57-9998-21D74CB77C24} = {432208D4-54DF-453E-96AE-CB7721461030}
	EndGlobalSection
	GlobalSection(ExtensibilityGlobals) = postSolution
		SolutionGuid = {8FD107FB-2501-478E-9047-712F3FEFE0F7}
	EndGlobalSection
EndGlobal
